{
  "originHash" : "07e9f40e9f69de157b7302439d995efab9832dcaa9cf3f3d9d807e2b10d6d928",
  "pins" : [
    {
      "identity" : "keychain-swift",
      "kind" : "remoteSourceControl",
      "location" : "https://github.com/evgenyneu/keychain-swift",
      "state" : {
        "revision" : "5e1b02b6a9dac2a759a1d5dbc175c86bd192a608",
        "version" : "24.0.0"
      }
    },
    {
      "identity" : "viewinspector",
      "kind" : "remoteSourceControl",
      "location" : "https://github.com/nalexn/ViewInspector",
      "state" : {
        "revision" : "7b1732802ffe30e6a67754bda6c7819e5cb0eb70",
        "version" : "0.9.11"
      }
    }
  ],
  "version" : 3
}
