// !$*UTF8*$!
{
	archiveVersion = 1;
	classes = {
	};
	objectVersion = 56;
	objects = {

/* Begin PBXBuildFile section */
		6E0879B02C37125D00530B06 /* ServiHubApp.swift in Sources */ = {isa = PBXBuildFile; fileRef = 6E0879AF2C37125D00530B06 /* ServiHubApp.swift */; };
		6E0879B22C37125D00530B06 /* ContentView.swift in Sources */ = {isa = PBXBuildFile; fileRef = 6E0879B12C37125D00530B06 /* ContentView.swift */; };
		6E0879B42C37125E00530B06 /* Assets.xcassets in Resources */ = {isa = PBXBuildFile; fileRef = 6E0879B32C37125E00530B06 /* Assets.xcassets */; };
		6E0879B82C37125E00530B06 /* Preview Assets.xcassets in Resources */ = {isa = PBXBuildFile; fileRef = 6E0879B72C37125E00530B06 /* Preview Assets.xcassets */; };
		6E0879C22C37125E00530B06 /* ServiHubTests.swift in Sources */ = {isa = PBXBuildFile; fileRef = 6E0879C12C37125E00530B06 /* ServiHubTests.swift */; };
		6E0879CC2C37125E00530B06 /* ServiHubUITests.swift in Sources */ = {isa = PBXBuildFile; fileRef = 6E0879CB2C37125E00530B06 /* ServiHubUITests.swift */; };
		6E0879CE2C37125E00530B06 /* ServiHubUITestsLaunchTests.swift in Sources */ = {isa = PBXBuildFile; fileRef = 6E0879CD2C37125E00530B06 /* ServiHubUITestsLaunchTests.swift */; };
		6E0879DD2C37130900530B06 /* KeychainSwift in Frameworks */ = {isa = PBXBuildFile; productRef = 6E0879DC2C37130900530B06 /* KeychainSwift */; };
		6E0879E02C37131E00530B06 /* ViewInspector in Frameworks */ = {isa = PBXBuildFile; productRef = 6E0879DF2C37131E00530B06 /* ViewInspector */; };
		6E62EEC22C371732008205B4 /* Crypto.swift in Sources */ = {isa = PBXBuildFile; fileRef = 6E62EEC12C371732008205B4 /* Crypto.swift */; };
		6E62EEC42C37173F008205B4 /* PersistentData.swift in Sources */ = {isa = PBXBuildFile; fileRef = 6E62EEC32C37173F008205B4 /* PersistentData.swift */; };
		6E62EECF2C371836008205B4 /* LoginViewModel.swift in Sources */ = {isa = PBXBuildFile; fileRef = 6E62EECE2C371836008205B4 /* LoginViewModel.swift */; };
		6E62EED12C371840008205B4 /* HomeViewModel.swift in Sources */ = {isa = PBXBuildFile; fileRef = 6E62EED02C371840008205B4 /* HomeViewModel.swift */; };
		6E62EED32C37184E008205B4 /* RegisterViewModel.swift in Sources */ = {isa = PBXBuildFile; fileRef = 6E62EED22C37184E008205B4 /* RegisterViewModel.swift */; };
		6E62EED52C371856008205B4 /* RootViewModel.swift in Sources */ = {isa = PBXBuildFile; fileRef = 6E62EED42C371856008205B4 /* RootViewModel.swift */; };
		6E62EED72C371871008205B4 /* Protocols.swift in Sources */ = {isa = PBXBuildFile; fileRef = 6E62EED62C371871008205B4 /* Protocols.swift */; };
/* End PBXBuildFile section */

/* Begin PBXContainerItemProxy section */
		6E0879BE2C37125E00530B06 /* PBXContainerItemProxy */ = {
			isa = PBXContainerItemProxy;
			containerPortal = 6E0879A42C37125D00530B06 /* Project object */;
			proxyType = 1;
			remoteGlobalIDString = 6E0879AB2C37125D00530B06;
			remoteInfo = ServiHub;
		};
		6E0879C82C37125E00530B06 /* PBXContainerItemProxy */ = {
			isa = PBXContainerItemProxy;
			containerPortal = 6E0879A42C37125D00530B06 /* Project object */;
			proxyType = 1;
			remoteGlobalIDString = 6E0879AB2C37125D00530B06;
			remoteInfo = ServiHub;
		};
/* End PBXContainerItemProxy section */

/* Begin PBXFileReference section */
		6E0879AC2C37125D00530B06 /* ServiHub.app */ = {isa = PBXFileReference; explicitFileType = wrapper.application; includeInIndex = 0; path = ServiHub.app; sourceTree = BUILT_PRODUCTS_DIR; };
		6E0879AF2C37125D00530B06 /* ServiHubApp.swift */ = {isa = PBXFileReference; lastKnownFileType = sourcecode.swift; path = ServiHubApp.swift; sourceTree = "<group>"; };
		6E0879B12C37125D00530B06 /* ContentView.swift */ = {isa = PBXFileReference; lastKnownFileType = sourcecode.swift; path = ContentView.swift; sourceTree = "<group>"; };
		6E0879B32C37125E00530B06 /* Assets.xcassets */ = {isa = PBXFileReference; lastKnownFileType = folder.assetcatalog; path = Assets.xcassets; sourceTree = "<group>"; };
		6E0879B52C37125E00530B06 /* ServiHub.entitlements */ = {isa = PBXFileReference; lastKnownFileType = text.plist.entitlements; path = ServiHub.entitlements; sourceTree = "<group>"; };
		6E0879B72C37125E00530B06 /* Preview Assets.xcassets */ = {isa = PBXFileReference; lastKnownFileType = folder.assetcatalog; path = "Preview Assets.xcassets"; sourceTree = "<group>"; };
		6E0879BD2C37125E00530B06 /* ServiHubTests.xctest */ = {isa = PBXFileReference; explicitFileType = wrapper.cfbundle; includeInIndex = 0; path = ServiHubTests.xctest; sourceTree = BUILT_PRODUCTS_DIR; };
		6E0879C12C37125E00530B06 /* ServiHubTests.swift */ = {isa = PBXFileReference; lastKnownFileType = sourcecode.swift; path = ServiHubTests.swift; sourceTree = "<group>"; };
		6E0879C72C37125E00530B06 /* ServiHubUITests.xctest */ = {isa = PBXFileReference; explicitFileType = wrapper.cfbundle; includeInIndex = 0; path = ServiHubUITests.xctest; sourceTree = BUILT_PRODUCTS_DIR; };
		6E0879CB2C37125E00530B06 /* ServiHubUITests.swift */ = {isa = PBXFileReference; lastKnownFileType = sourcecode.swift; path = ServiHubUITests.swift; sourceTree = "<group>"; };
		6E0879CD2C37125E00530B06 /* ServiHubUITestsLaunchTests.swift */ = {isa = PBXFileReference; lastKnownFileType = sourcecode.swift; path = ServiHubUITestsLaunchTests.swift; sourceTree = "<group>"; };
		6E62EEC12C371732008205B4 /* Crypto.swift */ = {isa = PBXFileReference; lastKnownFileType = sourcecode.swift; path = Crypto.swift; sourceTree = "<group>"; };
		6E62EEC32C37173F008205B4 /* PersistentData.swift */ = {isa = PBXFileReference; lastKnownFileType = sourcecode.swift; path = PersistentData.swift; sourceTree = "<group>"; };
		6E62EECE2C371836008205B4 /* LoginViewModel.swift */ = {isa = PBXFileReference; lastKnownFileType = sourcecode.swift; path = LoginViewModel.swift; sourceTree = "<group>"; };
		6E62EED02C371840008205B4 /* HomeViewModel.swift */ = {isa = PBXFileReference; lastKnownFileType = sourcecode.swift; path = HomeViewModel.swift; sourceTree = "<group>"; };
		6E62EED22C37184E008205B4 /* RegisterViewModel.swift */ = {isa = PBXFileReference; lastKnownFileType = sourcecode.swift; path = RegisterViewModel.swift; sourceTree = "<group>"; };
		6E62EED42C371856008205B4 /* RootViewModel.swift */ = {isa = PBXFileReference; lastKnownFileType = sourcecode.swift; path = RootViewModel.swift; sourceTree = "<group>"; };
		6E62EED62C371871008205B4 /* Protocols.swift */ = {isa = PBXFileReference; lastKnownFileType = sourcecode.swift; path = Protocols.swift; sourceTree = "<group>"; };
/* End PBXFileReference section */

/* Begin PBXFrameworksBuildPhase section */
		6E0879A92C37125D00530B06 /* Frameworks */ = {
			isa = PBXFrameworksBuildPhase;
			buildActionMask = 2147483647;
			files = (
				6E0879DD2C37130900530B06 /* KeychainSwift in Frameworks */,
				6E0879E02C37131E00530B06 /* ViewInspector in Frameworks */,
			);
			runOnlyForDeploymentPostprocessing = 0;
		};
		6E0879BA2C37125E00530B06 /* Frameworks */ = {
			isa = PBXFrameworksBuildPhase;
			buildActionMask = 2147483647;
			files = (
			);
			runOnlyForDeploymentPostprocessing = 0;
		};
		6E0879C42C37125E00530B06 /* Frameworks */ = {
			isa = PBXFrameworksBuildPhase;
			buildActionMask = 2147483647;
			files = (
			);
			runOnlyForDeploymentPostprocessing = 0;
		};
/* End PBXFrameworksBuildPhase section */

/* Begin PBXGroup section */
		6E0879A32C37125D00530B06 = {
			isa = PBXGroup;
			children = (
				6E0879AE2C37125D00530B06 /* ServiHub */,
				6E0879C02C37125E00530B06 /* ServiHubTests */,
				6E0879CA2C37125E00530B06 /* ServiHubUITests */,
				6E0879AD2C37125D00530B06 /* Products */,
			);
			sourceTree = "<group>";
		};
		6E0879AD2C37125D00530B06 /* Products */ = {
			isa = PBXGroup;
			children = (
				6E0879AC2C37125D00530B06 /* ServiHub.app */,
				6E0879BD2C37125E00530B06 /* ServiHubTests.xctest */,
				6E0879C72C37125E00530B06 /* ServiHubUITests.xctest */,
			);
			name = Products;
			sourceTree = "<group>";
		};
		6E0879AE2C37125D00530B06 /* ServiHub */ = {
			isa = PBXGroup;
			children = (
				6E0879B52C37125E00530B06 /* ServiHub.entitlements */,
				6E0879DA2C37127000530B06 /* App */,
				6E62EEBD2C3716D0008205B4 /* Presentation */,
				6E62EEBC2C3716CC008205B4 /* Domain */,
				6E62EEBB2C3716C1008205B4 /* Data */,
				6E0879B12C37125D00530B06 /* ContentView.swift */,
			);
			path = ServiHub;
			sourceTree = "<group>";
		};
		6E0879B62C37125E00530B06 /* Preview Content */ = {
			isa = PBXGroup;
			children = (
				6E0879B72C37125E00530B06 /* Preview Assets.xcassets */,
			);
			path = "Preview Content";
			sourceTree = "<group>";
		};
		6E0879C02C37125E00530B06 /* ServiHubTests */ = {
			isa = PBXGroup;
			children = (
				6E0879C12C37125E00530B06 /* ServiHubTests.swift */,
			);
			path = ServiHubTests;
			sourceTree = "<group>";
		};
		6E0879CA2C37125E00530B06 /* ServiHubUITests */ = {
			isa = PBXGroup;
			children = (
				6E0879CB2C37125E00530B06 /* ServiHubUITests.swift */,
				6E0879CD2C37125E00530B06 /* ServiHubUITestsLaunchTests.swift */,
			);
			path = ServiHubUITests;
			sourceTree = "<group>";
		};
		6E0879DA2C37127000530B06 /* App */ = {
			isa = PBXGroup;
			children = (
				6E0879B32C37125E00530B06 /* Assets.xcassets */,
				6E0879AF2C37125D00530B06 /* ServiHubApp.swift */,
				6E0879B62C37125E00530B06 /* Preview Content */,
			);
			path = App;
			sourceTree = "<group>";
		};
		6E62EEBB2C3716C1008205B4 /* Data */ = {
			isa = PBXGroup;
			children = (
				6E62EEC52C371754008205B4 /* Utils */,
				6E62EEBF2C3716F5008205B4 /* Remote */,
				6E62EEBE2C3716EF008205B4 /* Repository */,
			);
			path = Data;
			sourceTree = "<group>";
		};
		6E62EEBC2C3716CC008205B4 /* Domain */ = {
			isa = PBXGroup;
			children = (
				6E62EEC72C371769008205B4 /* Protocols */,
				6E62EEC62C371765008205B4 /* Models */,
			);
			path = Domain;
			sourceTree = "<group>";
		};
		6E62EEBD2C3716D0008205B4 /* Presentation */ = {
			isa = PBXGroup;
			children = (
				6E62EECA2C37178B008205B4 /* Home */,
				6E62EECC2C3717AC008205B4 /* Register */,
				6E62EEC92C371786008205B4 /* Login */,
				6E62EEC82C371774008205B4 /* Root */,
			);
			path = Presentation;
			sourceTree = "<group>";
		};
		6E62EEBE2C3716EF008205B4 /* Repository */ = {
			isa = PBXGroup;
			children = (
			);
			path = Repository;
			sourceTree = "<group>";
		};
		6E62EEBF2C3716F5008205B4 /* Remote */ = {
			isa = PBXGroup;
			children = (
				6E62EEC12C371732008205B4 /* Crypto.swift */,
				6E62EEC32C37173F008205B4 /* PersistentData.swift */,
				6E62EECD2C3717DB008205B4 /* SSLPinning */,
			);
			path = Remote;
			sourceTree = "<group>";
		};
		6E62EEC52C371754008205B4 /* Utils */ = {
			isa = PBXGroup;
			children = (
			);
			path = Utils;
			sourceTree = "<group>";
		};
		6E62EEC62C371765008205B4 /* Models */ = {
			isa = PBXGroup;
			children = (
			);
			path = Models;
			sourceTree = "<group>";
		};
		6E62EEC72C371769008205B4 /* Protocols */ = {
			isa = PBXGroup;
			children = (
				6E62EED62C371871008205B4 /* Protocols.swift */,
			);
			path = Protocols;
			sourceTree = "<group>";
		};
		6E62EEC82C371774008205B4 /* Root */ = {
			isa = PBXGroup;
			children = (
				6E62EED42C371856008205B4 /* RootViewModel.swift */,
			);
			path = Root;
			sourceTree = "<group>";
		};
		6E62EEC92C371786008205B4 /* Login */ = {
			isa = PBXGroup;
			children = (
				6E62EECE2C371836008205B4 /* LoginViewModel.swift */,
			);
			path = Login;
			sourceTree = "<group>";
		};
		6E62EECA2C37178B008205B4 /* Home */ = {
			isa = PBXGroup;
			children = (
				6E62EED02C371840008205B4 /* HomeViewModel.swift */,
			);
			path = Home;
			sourceTree = "<group>";
		};
		6E62EECC2C3717AC008205B4 /* Register */ = {
			isa = PBXGroup;
			children = (
				6E62EED22C37184E008205B4 /* RegisterViewModel.swift */,
			);
			path = Register;
			sourceTree = "<group>";
		};
		6E62EECD2C3717DB008205B4 /* SSLPinning */ = {
			isa = PBXGroup;
			children = (
			);
			path = SSLPinning;
			sourceTree = "<group>";
		};
/* End PBXGroup section */

/* Begin PBXNativeTarget section */
		6E0879AB2C37125D00530B06 /* ServiHub */ = {
			isa = PBXNativeTarget;
			buildConfigurationList = 6E0879D12C37125E00530B06 /* Build configuration list for PBXNativeTarget "ServiHub" */;
			buildPhases = (
				6E0879A82C37125D00530B06 /* Sources */,
				6E0879A92C37125D00530B06 /* Frameworks */,
				6E0879AA2C37125D00530B06 /* Resources */,
			);
			buildRules = (
			);
			dependencies = (
			);
			name = ServiHub;
			packageProductDependencies = (
				6E0879DC2C37130900530B06 /* KeychainSwift */,
				6E0879DF2C37131E00530B06 /* ViewInspector */,
			);
			productName = ServiHub;
			productReference = 6E0879AC2C37125D00530B06 /* ServiHub.app */;
			productType = "com.apple.product-type.application";
		};
		6E0879BC2C37125E00530B06 /* ServiHubTests */ = {
			isa = PBXNativeTarget;
			buildConfigurationList = 6E0879D42C37125E00530B06 /* Build configuration list for PBXNativeTarget "ServiHubTests" */;
			buildPhases = (
				6E0879B92C37125E00530B06 /* Sources */,
				6E0879BA2C37125E00530B06 /* Frameworks */,
				6E0879BB2C37125E00530B06 /* Resources */,
			);
			buildRules = (
			);
			dependencies = (
				6E0879BF2C37125E00530B06 /* PBXTargetDependency */,
			);
			name = ServiHubTests;
			productName = ServiHubTests;
			productReference = 6E0879BD2C37125E00530B06 /* ServiHubTests.xctest */;
			productType = "com.apple.product-type.bundle.unit-test";
		};
		6E0879C62C37125E00530B06 /* ServiHubUITests */ = {
			isa = PBXNativeTarget;
			buildConfigurationList = 6E0879D72C37125E00530B06 /* Build configuration list for PBXNativeTarget "ServiHubUITests" */;
			buildPhases = (
				6E0879C32C37125E00530B06 /* Sources */,
				6E0879C42C37125E00530B06 /* Frameworks */,
				6E0879C52C37125E00530B06 /* Resources */,
			);
			buildRules = (
			);
			dependencies = (
				6E0879C92C37125E00530B06 /* PBXTargetDependency */,
			);
			name = ServiHubUITests;
			productName = ServiHubUITests;
			productReference = 6E0879C72C37125E00530B06 /* ServiHubUITests.xctest */;
			productType = "com.apple.product-type.bundle.ui-testing";
		};
/* End PBXNativeTarget section */

/* Begin PBXProject section */
		6E0879A42C37125D00530B06 /* Project object */ = {
			isa = PBXProject;
			attributes = {
				BuildIndependentTargetsInParallel = 1;
				LastSwiftUpdateCheck = 1540;
				LastUpgradeCheck = 1540;
				TargetAttributes = {
					6E0879AB2C37125D00530B06 = {
						CreatedOnToolsVersion = 15.4;
					};
					6E0879BC2C37125E00530B06 = {
						CreatedOnToolsVersion = 15.4;
						TestTargetID = 6E0879AB2C37125D00530B06;
					};
					6E0879C62C37125E00530B06 = {
						CreatedOnToolsVersion = 15.4;
						TestTargetID = 6E0879AB2C37125D00530B06;
					};
				};
			};
			buildConfigurationList = 6E0879A72C37125D00530B06 /* Build configuration list for PBXProject "ServiHub" */;
			compatibilityVersion = "Xcode 14.0";
			developmentRegion = en;
			hasScannedForEncodings = 0;
			knownRegions = (
				en,
				Base,
			);
			mainGroup = 6E0879A32C37125D00530B06;
			packageReferences = (
				6E0879DB2C37130900530B06 /* XCRemoteSwiftPackageReference "keychain-swift" */,
				6E0879DE2C37131E00530B06 /* XCRemoteSwiftPackageReference "ViewInspector" */,
			);
			productRefGroup = 6E0879AD2C37125D00530B06 /* Products */;
			projectDirPath = "";
			projectRoot = "";
			targets = (
				6E0879AB2C37125D00530B06 /* ServiHub */,
				6E0879BC2C37125E00530B06 /* ServiHubTests */,
				6E0879C62C37125E00530B06 /* ServiHubUITests */,
			);
		};
/* End PBXProject section */

/* Begin PBXResourcesBuildPhase section */
		6E0879AA2C37125D00530B06 /* Resources */ = {
			isa = PBXResourcesBuildPhase;
			buildActionMask = 2147483647;
			files = (
				6E0879B82C37125E00530B06 /* Preview Assets.xcassets in Resources */,
				6E0879B42C37125E00530B06 /* Assets.xcassets in Resources */,
			);
			runOnlyForDeploymentPostprocessing = 0;
		};
		6E0879BB2C37125E00530B06 /* Resources */ = {
			isa = PBXResourcesBuildPhase;
			buildActionMask = 2147483647;
			files = (
			);
			runOnlyForDeploymentPostprocessing = 0;
		};
		6E0879C52C37125E00530B06 /* Resources */ = {
			isa = PBXResourcesBuildPhase;
			buildActionMask = 2147483647;
			files = (
			);
			runOnlyForDeploymentPostprocessing = 0;
		};
/* End PBXResourcesBuildPhase section */

/* Begin PBXSourcesBuildPhase section */
		6E0879A82C37125D00530B06 /* Sources */ = {
			isa = PBXSourcesBuildPhase;
			buildActionMask = 2147483647;
			files = (
				6E0879B22C37125D00530B06 /* ContentView.swift in Sources */,
				6E62EED12C371840008205B4 /* HomeViewModel.swift in Sources */,
				6E62EED32C37184E008205B4 /* RegisterViewModel.swift in Sources */,
				6E62EED72C371871008205B4 /* Protocols.swift in Sources */,
				6E62EEC22C371732008205B4 /* Crypto.swift in Sources */,
				6E62EEC42C37173F008205B4 /* PersistentData.swift in Sources */,
				6E62EECF2C371836008205B4 /* LoginViewModel.swift in Sources */,
				6E62EED52C371856008205B4 /* RootViewModel.swift in Sources */,
				6E0879B02C37125D00530B06 /* ServiHubApp.swift in Sources */,
			);
			runOnlyForDeploymentPostprocessing = 0;
		};
		6E0879B92C37125E00530B06 /* Sources */ = {
			isa = PBXSourcesBuildPhase;
			buildActionMask = 2147483647;
			files = (
				6E0879C22C37125E00530B06 /* ServiHubTests.swift in Sources */,
			);
			runOnlyForDeploymentPostprocessing = 0;
		};
		6E0879C32C37125E00530B06 /* Sources */ = {
			isa = PBXSourcesBuildPhase;
			buildActionMask = 2147483647;
			files = (
				6E0879CE2C37125E00530B06 /* ServiHubUITestsLaunchTests.swift in Sources */,
				6E0879CC2C37125E00530B06 /* ServiHubUITests.swift in Sources */,
			);
			runOnlyForDeploymentPostprocessing = 0;
		};
/* End PBXSourcesBuildPhase section */

/* Begin PBXTargetDependency section */
		6E0879BF2C37125E00530B06 /* PBXTargetDependency */ = {
			isa = PBXTargetDependency;
			target = 6E0879AB2C37125D00530B06 /* ServiHub */;
			targetProxy = 6E0879BE2C37125E00530B06 /* PBXContainerItemProxy */;
		};
		6E0879C92C37125E00530B06 /* PBXTargetDependency */ = {
			isa = PBXTargetDependency;
			target = 6E0879AB2C37125D00530B06 /* ServiHub */;
			targetProxy = 6E0879C82C37125E00530B06 /* PBXContainerItemProxy */;
		};
/* End PBXTargetDependency section */

/* Begin XCBuildConfiguration section */
		6E0879CF2C37125E00530B06 /* Debug */ = {
			isa = XCBuildConfiguration;
			buildSettings = {
				ALWAYS_SEARCH_USER_PATHS = NO;
				ASSETCATALOG_COMPILER_GENERATE_SWIFT_ASSET_SYMBOL_EXTENSIONS = YES;
				CLANG_ANALYZER_NONNULL = YES;
				CLANG_ANALYZER_NUMBER_OBJECT_CONVERSION = YES_AGGRESSIVE;
				CLANG_CXX_LANGUAGE_STANDARD = "gnu++20";
				CLANG_ENABLE_MODULES = YES;
				CLANG_ENABLE_OBJC_ARC = YES;
				CLANG_ENABLE_OBJC_WEAK = YES;
				CLANG_WARN_BLOCK_CAPTURE_AUTORELEASING = YES;
				CLANG_WARN_BOOL_CONVERSION = YES;
				CLANG_WARN_COMMA = YES;
				CLANG_WARN_CONSTANT_CONVERSION = YES;
				CLANG_WARN_DEPRECATED_OBJC_IMPLEMENTATIONS = YES;
				CLANG_WARN_DIRECT_OBJC_ISA_USAGE = YES_ERROR;
				CLANG_WARN_DOCUMENTATION_COMMENTS = YES;
				CLANG_WARN_EMPTY_BODY = YES;
				CLANG_WARN_ENUM_CONVERSION = YES;
				CLANG_WARN_INFINITE_RECURSION = YES;
				CLANG_WARN_INT_CONVERSION = YES;
				CLANG_WARN_NON_LITERAL_NULL_CONVERSION = YES;
				CLANG_WARN_OBJC_IMPLICIT_RETAIN_SELF = YES;
				CLANG_WARN_OBJC_LITERAL_CONVERSION = YES;
				CLANG_WARN_OBJC_ROOT_CLASS = YES_ERROR;
				CLANG_WARN_QUOTED_INCLUDE_IN_FRAMEWORK_HEADER = YES;
				CLANG_WARN_RANGE_LOOP_ANALYSIS = YES;
				CLANG_WARN_STRICT_PROTOTYPES = YES;
				CLANG_WARN_SUSPICIOUS_MOVE = YES;
				CLANG_WARN_UNGUARDED_AVAILABILITY = YES_AGGRESSIVE;
				CLANG_WARN_UNREACHABLE_CODE = YES;
				CLANG_WARN__DUPLICATE_METHOD_MATCH = YES;
				COPY_PHASE_STRIP = NO;
				DEBUG_INFORMATION_FORMAT = dwarf;
				ENABLE_STRICT_OBJC_MSGSEND = YES;
				ENABLE_TESTABILITY = YES;
				ENABLE_USER_SCRIPT_SANDBOXING = YES;
				GCC_C_LANGUAGE_STANDARD = gnu17;
				GCC_DYNAMIC_NO_PIC = NO;
				GCC_NO_COMMON_BLOCKS = YES;
				GCC_OPTIMIZATION_LEVEL = 0;
				GCC_PREPROCESSOR_DEFINITIONS = (
					"DEBUG=1",
					"$(inherited)",
				);
				GCC_WARN_64_TO_32_BIT_CONVERSION = YES;
				GCC_WARN_ABOUT_RETURN_TYPE = YES_ERROR;
				GCC_WARN_UNDECLARED_SELECTOR = YES;
				GCC_WARN_UNINITIALIZED_AUTOS = YES_AGGRESSIVE;
				GCC_WARN_UNUSED_FUNCTION = YES;
				GCC_WARN_UNUSED_VARIABLE = YES;
				LOCALIZATION_PREFERS_STRING_CATALOGS = YES;
				MTL_ENABLE_DEBUG_INFO = INCLUDE_SOURCE;
				MTL_FAST_MATH = YES;
				ONLY_ACTIVE_ARCH = YES;
				SWIFT_ACTIVE_COMPILATION_CONDITIONS = "DEBUG $(inherited)";
				SWIFT_OPTIMIZATION_LEVEL = "-Onone";
			};
			name = Debug;
		};
		6E0879D02C37125E00530B06 /* Release */ = {
			isa = XCBuildConfiguration;
			buildSettings = {
				ALWAYS_SEARCH_USER_PATHS = NO;
				ASSETCATALOG_COMPILER_GENERATE_SWIFT_ASSET_SYMBOL_EXTENSIONS = YES;
				CLANG_ANALYZER_NONNULL = YES;
				CLANG_ANALYZER_NUMBER_OBJECT_CONVERSION = YES_AGGRESSIVE;
				CLANG_CXX_LANGUAGE_STANDARD = "gnu++20";
				CLANG_ENABLE_MODULES = YES;
				CLANG_ENABLE_OBJC_ARC = YES;
				CLANG_ENABLE_OBJC_WEAK = YES;
				CLANG_WARN_BLOCK_CAPTURE_AUTORELEASING = YES;
				CLANG_WARN_BOOL_CONVERSION = YES;
				CLANG_WARN_COMMA = YES;
				CLANG_WARN_CONSTANT_CONVERSION = YES;
				CLANG_WARN_DEPRECATED_OBJC_IMPLEMENTATIONS = YES;
				CLANG_WARN_DIRECT_OBJC_ISA_USAGE = YES_ERROR;
				CLANG_WARN_DOCUMENTATION_COMMENTS = YES;
				CLANG_WARN_EMPTY_BODY = YES;
				CLANG_WARN_ENUM_CONVERSION = YES;
				CLANG_WARN_INFINITE_RECURSION = YES;
				CLANG_WARN_INT_CONVERSION = YES;
				CLANG_WARN_NON_LITERAL_NULL_CONVERSION = YES;
				CLANG_WARN_OBJC_IMPLICIT_RETAIN_SELF = YES;
				CLANG_WARN_OBJC_LITERAL_CONVERSION = YES;
				CLANG_WARN_OBJC_ROOT_CLASS = YES_ERROR;
				CLANG_WARN_QUOTED_INCLUDE_IN_FRAMEWORK_HEADER = YES;
				CLANG_WARN_RANGE_LOOP_ANALYSIS = YES;
				CLANG_WARN_STRICT_PROTOTYPES = YES;
				CLANG_WARN_SUSPICIOUS_MOVE = YES;
				CLANG_WARN_UNGUARDED_AVAILABILITY = YES_AGGRESSIVE;
				CLANG_WARN_UNREACHABLE_CODE = YES;
				CLANG_WARN__DUPLICATE_METHOD_MATCH = YES;
				COPY_PHASE_STRIP = NO;
				DEBUG_INFORMATION_FORMAT = "dwarf-with-dsym";
				ENABLE_NS_ASSERTIONS = NO;
				ENABLE_STRICT_OBJC_MSGSEND = YES;
				ENABLE_USER_SCRIPT_SANDBOXING = YES;
				GCC_C_LANGUAGE_STANDARD = gnu17;
				GCC_NO_COMMON_BLOCKS = YES;
				GCC_WARN_64_TO_32_BIT_CONVERSION = YES;
				GCC_WARN_ABOUT_RETURN_TYPE = YES_ERROR;
				GCC_WARN_UNDECLARED_SELECTOR = YES;
				GCC_WARN_UNINITIALIZED_AUTOS = YES_AGGRESSIVE;
				GCC_WARN_UNUSED_FUNCTION = YES;
				GCC_WARN_UNUSED_VARIABLE = YES;
				LOCALIZATION_PREFERS_STRING_CATALOGS = YES;
				MTL_ENABLE_DEBUG_INFO = NO;
				MTL_FAST_MATH = YES;
				SWIFT_COMPILATION_MODE = wholemodule;
			};
			name = Release;
		};
		6E0879D22C37125E00530B06 /* Debug */ = {
			isa = XCBuildConfiguration;
			buildSettings = {
				ASSETCATALOG_COMPILER_APPICON_NAME = AppIcon;
				ASSETCATALOG_COMPILER_GLOBAL_ACCENT_COLOR_NAME = AccentColor;
				CODE_SIGN_ENTITLEMENTS = ServiHub/ServiHub.entitlements;
				CODE_SIGN_STYLE = Automatic;
				CURRENT_PROJECT_VERSION = 1;
				DEVELOPMENT_ASSET_PATHS = "\"ServiHub/App/Preview Content\"";
				ENABLE_PREVIEWS = YES;
				GENERATE_INFOPLIST_FILE = YES;
				"INFOPLIST_KEY_UIApplicationSceneManifest_Generation[sdk=iphoneos*]" = YES;
				"INFOPLIST_KEY_UIApplicationSceneManifest_Generation[sdk=iphonesimulator*]" = YES;
				"INFOPLIST_KEY_UIApplicationSupportsIndirectInputEvents[sdk=iphoneos*]" = YES;
				"INFOPLIST_KEY_UIApplicationSupportsIndirectInputEvents[sdk=iphonesimulator*]" = YES;
				"INFOPLIST_KEY_UILaunchScreen_Generation[sdk=iphoneos*]" = YES;
				"INFOPLIST_KEY_UILaunchScreen_Generation[sdk=iphonesimulator*]" = YES;
				"INFOPLIST_KEY_UIStatusBarStyle[sdk=iphoneos*]" = UIStatusBarStyleDefault;
				"INFOPLIST_KEY_UIStatusBarStyle[sdk=iphonesimulator*]" = UIStatusBarStyleDefault;
				INFOPLIST_KEY_UISupportedInterfaceOrientations = UIInterfaceOrientationPortrait;
				IPHONEOS_DEPLOYMENT_TARGET = 17.0;
				LD_RUNPATH_SEARCH_PATHS = "@executable_path/Frameworks";
				"LD_RUNPATH_SEARCH_PATHS[sdk=macosx*]" = "@executable_path/../Frameworks";
				MACOSX_DEPLOYMENT_TARGET = 14.5;
				MARKETING_VERSION = 1.0;
				PRODUCT_BUNDLE_IDENTIFIER = com.Servihub.LosSupervivientes.ServiHub;
				PRODUCT_NAME = "$(TARGET_NAME)";
				SDKROOT = auto;
				SUPPORTED_PLATFORMS = "iphoneos iphonesimulator xros xrsimulator";
				SUPPORTS_MACCATALYST = NO;
				SWIFT_EMIT_LOC_STRINGS = YES;
				SWIFT_VERSION = 5.0;
				TARGETED_DEVICE_FAMILY = "1,2,7";
				XROS_DEPLOYMENT_TARGET = 1.0;
			};
			name = Debug;
		};
		6E0879D32C37125E00530B06 /* Release */ = {
			isa = XCBuildConfiguration;
			buildSettings = {
				ASSETCATALOG_COMPILER_APPICON_NAME = AppIcon;
				ASSETCATALOG_COMPILER_GLOBAL_ACCENT_COLOR_NAME = AccentColor;
				CODE_SIGN_ENTITLEMENTS = ServiHub/ServiHub.entitlements;
				CODE_SIGN_STYLE = Automatic;
				CURRENT_PROJECT_VERSION = 1;
				DEVELOPMENT_ASSET_PATHS = "\"ServiHub/App/Preview Content\"";
				ENABLE_PREVIEWS = YES;
				GENERATE_INFOPLIST_FILE = YES;
				"INFOPLIST_KEY_UIApplicationSceneManifest_Generation[sdk=iphoneos*]" = YES;
				"INFOPLIST_KEY_UIApplicationSceneManifest_Generation[sdk=iphonesimulator*]" = YES;
				"INFOPLIST_KEY_UIApplicationSupportsIndirectInputEvents[sdk=iphoneos*]" = YES;
				"INFOPLIST_KEY_UIApplicationSupportsIndirectInputEvents[sdk=iphonesimulator*]" = YES;
				"INFOPLIST_KEY_UILaunchScreen_Generation[sdk=iphoneos*]" = YES;
				"INFOPLIST_KEY_UILaunchScreen_Generation[sdk=iphonesimulator*]" = YES;
				"INFOPLIST_KEY_UIStatusBarStyle[sdk=iphoneos*]" = UIStatusBarStyleDefault;
				"INFOPLIST_KEY_UIStatusBarStyle[sdk=iphonesimulator*]" = UIStatusBarStyleDefault;
				INFOPLIST_KEY_UISupportedInterfaceOrientations = UIInterfaceOrientationPortrait;
				IPHONEOS_DEPLOYMENT_TARGET = 17.0;
				LD_RUNPATH_SEARCH_PATHS = "@executable_path/Frameworks";
				"LD_RUNPATH_SEARCH_PATHS[sdk=macosx*]" = "@executable_path/../Frameworks";
				MACOSX_DEPLOYMENT_TARGET = 14.5;
				MARKETING_VERSION = 1.0;
				PRODUCT_BUNDLE_IDENTIFIER = com.Servihub.LosSupervivientes.ServiHub;
				PRODUCT_NAME = "$(TARGET_NAME)";
				SDKROOT = auto;
				SUPPORTED_PLATFORMS = "iphoneos iphonesimulator xros xrsimulator";
				SUPPORTS_MACCATALYST = NO;
				SWIFT_EMIT_LOC_STRINGS = YES;
				SWIFT_VERSION = 5.0;
				TARGETED_DEVICE_FAMILY = "1,2,7";
				XROS_DEPLOYMENT_TARGET = 1.0;
			};
			name = Release;
		};
		6E0879D52C37125E00530B06 /* Debug */ = {
			isa = XCBuildConfiguration;
			buildSettings = {
				ALWAYS_EMBED_SWIFT_STANDARD_LIBRARIES = YES;
				BUNDLE_LOADER = "$(TEST_HOST)";
				CODE_SIGN_STYLE = Automatic;
				CURRENT_PROJECT_VERSION = 1;
				GENERATE_INFOPLIST_FILE = YES;
				IPHONEOS_DEPLOYMENT_TARGET = 17.5;
				MACOSX_DEPLOYMENT_TARGET = 14.5;
				MARKETING_VERSION = 1.0;
				PRODUCT_BUNDLE_IDENTIFIER = com.Servihub.LosSupervivientes.ServiHubTests;
				PRODUCT_NAME = "$(TARGET_NAME)";
				SDKROOT = auto;
				SUPPORTED_PLATFORMS = "iphoneos iphonesimulator macosx";
				SWIFT_EMIT_LOC_STRINGS = NO;
				SWIFT_VERSION = 5.0;
				TARGETED_DEVICE_FAMILY = "1,2";
				TEST_HOST = "$(BUILT_PRODUCTS_DIR)/ServiHub.app/$(BUNDLE_EXECUTABLE_FOLDER_PATH)/ServiHub";
			};
			name = Debug;
		};
		6E0879D62C37125E00530B06 /* Release */ = {
			isa = XCBuildConfiguration;
			buildSettings = {
				ALWAYS_EMBED_SWIFT_STANDARD_LIBRARIES = YES;
				BUNDLE_LOADER = "$(TEST_HOST)";
				CODE_SIGN_STYLE = Automatic;
				CURRENT_PROJECT_VERSION = 1;
				GENERATE_INFOPLIST_FILE = YES;
				IPHONEOS_DEPLOYMENT_TARGET = 17.5;
				MACOSX_DEPLOYMENT_TARGET = 14.5;
				MARKETING_VERSION = 1.0;
				PRODUCT_BUNDLE_IDENTIFIER = com.Servihub.LosSupervivientes.ServiHubTests;
				PRODUCT_NAME = "$(TARGET_NAME)";
				SDKROOT = auto;
				SUPPORTED_PLATFORMS = "iphoneos iphonesimulator macosx";
				SWIFT_EMIT_LOC_STRINGS = NO;
				SWIFT_VERSION = 5.0;
				TARGETED_DEVICE_FAMILY = "1,2";
				TEST_HOST = "$(BUILT_PRODUCTS_DIR)/ServiHub.app/$(BUNDLE_EXECUTABLE_FOLDER_PATH)/ServiHub";
			};
			name = Release;
		};
		6E0879D82C37125E00530B06 /* Debug */ = {
			isa = XCBuildConfiguration;
			buildSettings = {
				ALWAYS_EMBED_SWIFT_STANDARD_LIBRARIES = YES;
				CODE_SIGN_STYLE = Automatic;
				CURRENT_PROJECT_VERSION = 1;
				GENERATE_INFOPLIST_FILE = YES;
				IPHONEOS_DEPLOYMENT_TARGET = 17.5;
				MACOSX_DEPLOYMENT_TARGET = 14.5;
				MARKETING_VERSION = 1.0;
				PRODUCT_BUNDLE_IDENTIFIER = com.Servihub.LosSupervivientes.ServiHubUITests;
				PRODUCT_NAME = "$(TARGET_NAME)";
				SDKROOT = auto;
				SUPPORTED_PLATFORMS = "iphoneos iphonesimulator macosx";
				SWIFT_EMIT_LOC_STRINGS = NO;
				SWIFT_VERSION = 5.0;
				TARGETED_DEVICE_FAMILY = "1,2";
				TEST_TARGET_NAME = ServiHub;
			};
			name = Debug;
		};
		6E0879D92C37125E00530B06 /* Release */ = {
			isa = XCBuildConfiguration;
			buildSettings = {
				ALWAYS_EMBED_SWIFT_STANDARD_LIBRARIES = YES;
				CODE_SIGN_STYLE = Automatic;
				CURRENT_PROJECT_VERSION = 1;
				GENERATE_INFOPLIST_FILE = YES;
				IPHONEOS_DEPLOYMENT_TARGET = 17.5;
				MACOSX_DEPLOYMENT_TARGET = 14.5;
				MARKETING_VERSION = 1.0;
				PRODUCT_BUNDLE_IDENTIFIER = com.Servihub.LosSupervivientes.ServiHubUITests;
				PRODUCT_NAME = "$(TARGET_NAME)";
				SDKROOT = auto;
				SUPPORTED_PLATFORMS = "iphoneos iphonesimulator macosx";
				SWIFT_EMIT_LOC_STRINGS = NO;
				SWIFT_VERSION = 5.0;
				TARGETED_DEVICE_FAMILY = "1,2";
				TEST_TARGET_NAME = ServiHub;
			};
			name = Release;
		};
/* End XCBuildConfiguration section */

/* Begin XCConfigurationList section */
		6E0879A72C37125D00530B06 /* Build configuration list for PBXProject "ServiHub" */ = {
			isa = XCConfigurationList;
			buildConfigurations = (
				6E0879CF2C37125E00530B06 /* Debug */,
				6E0879D02C37125E00530B06 /* Release */,
			);
			defaultConfigurationIsVisible = 0;
			defaultConfigurationName = Release;
		};
		6E0879D12C37125E00530B06 /* Build configuration list for PBXNativeTarget "ServiHub" */ = {
			isa = XCConfigurationList;
			buildConfigurations = (
				6E0879D22C37125E00530B06 /* Debug */,
				6E0879D32C37125E00530B06 /* Release */,
			);
			defaultConfigurationIsVisible = 0;
			defaultConfigurationName = Release;
		};
		6E0879D42C37125E00530B06 /* Build configuration list for PBXNativeTarget "ServiHubTests" */ = {
			isa = XCConfigurationList;
			buildConfigurations = (
				6E0879D52C37125E00530B06 /* Debug */,
				6E0879D62C37125E00530B06 /* Release */,
			);
			defaultConfigurationIsVisible = 0;
			defaultConfigurationName = Release;
		};
		6E0879D72C37125E00530B06 /* Build configuration list for PBXNativeTarget "ServiHubUITests" */ = {
			isa = XCConfigurationList;
			buildConfigurations = (
				6E0879D82C37125E00530B06 /* Debug */,
				6E0879D92C37125E00530B06 /* Release */,
			);
			defaultConfigurationIsVisible = 0;
			defaultConfigurationName = Release;
		};
/* End XCConfigurationList section */

/* Begin XCRemoteSwiftPackageReference section */
		6E0879DB2C37130900530B06 /* XCRemoteSwiftPackageReference "keychain-swift" */ = {
			isa = XCRemoteSwiftPackageReference;
			repositoryURL = "https://github.com/evgenyneu/keychain-swift";
			requirement = {
				kind = exactVersion;
				version = 24.0.0;
			};
		};
		6E0879DE2C37131E00530B06 /* XCRemoteSwiftPackageReference "ViewInspector" */ = {
			isa = XCRemoteSwiftPackageReference;
			repositoryURL = "https://github.com/nalexn/ViewInspector";
			requirement = {
				kind = exactVersion;
				version = 0.9.11;
			};
		};
/* End XCRemoteSwiftPackageReference section */

/* Begin XCSwiftPackageProductDependency section */
		6E0879DC2C37130900530B06 /* KeychainSwift */ = {
			isa = XCSwiftPackageProductDependency;
			package = 6E0879DB2C37130900530B06 /* XCRemoteSwiftPackageReference "keychain-swift" */;
			productName = KeychainSwift;
		};
		6E0879DF2C37131E00530B06 /* ViewInspector */ = {
			isa = XCSwiftPackageProductDependency;
			package = 6E0879DE2C37131E00530B06 /* XCRemoteSwiftPackageReference "ViewInspector" */;
			productName = ViewInspector;
		};
/* End XCSwiftPackageProductDependency section */
	};
	rootObject = 6E0879A42C37125D00530B06 /* Project object */;
}
